
Microsoft Visual Studio Solution File, Format Version 12.00
# Visual Studio Version 17
VisualStudioVersion = 17.0.32112.339
MinimumVisualStudioVersion = 10.0.40219.1
Project("{FAE04EC0-301F-11D3-BF4B-00C04F79EFBC}") = "GLSOL", "GLSOL.csproj", "{F693CEE4-4879-4FB7-9BF0-8A729FCABAEB}"
EndProject
Global
	GlobalSection(SolutionConfigurationPlatforms) = preSolution
		Debug|x86 = Debug|x86
		Release|x86 = Release|x86
	EndGlobalSection
	GlobalSection(ProjectConfigurationPlatforms) = postSolution
		{F693CEE4-4879-4FB7-9BF0-8A729FCABAEB}.Debug|x86.ActiveCfg = Debug|x86
		{F693CEE4-4879-4FB7-9BF0-8A729FCABAEB}.Debug|x86.Build.0 = Debug|x86
		{F693CEE4-4879-4FB7-9BF0-8A729FCABAEB}.Release|x86.ActiveCfg = Release|x86
		{F693CEE4-4879-4FB7-9BF0-8A729FCABAEB}.Release|x86.Build.0 = Release|x86
	EndGlobalSection
	GlobalSection(SolutionProperties) = preSolution
		HideSolutionNode = FALSE
	EndGlobalSection
	GlobalSection(ExtensibilityGlobals) = postSolution
		SolutionGuid = {DF8C6B7E-9D22-4733-8DAE-D91CB71B4F50}
	EndGlobalSection
EndGlobal
